
Microsoft Visual Studio Solution File, Format Version 12.00
# Visual Studio Version 16
VisualStudioVersion = 16.0.31205.134
MinimumVisualStudioVersion = 10.0.40219.1
Project("{9A19103F-16F7-4668-BE54-9A1E7A4F7556}") = "Panuon.UI.Silver", "Panuon.UI.Silver\Panuon.UI.Silver.csproj", "{B6D9CE0E-EA39-4433-B6E6-0002A255C3CA}"
EndProject
Project("{9A19103F-16F7-4668-BE54-9A1E7A4F7556}") = "Panuon.UI.Core", "Panuon.UI.Core\Panuon.UI.Core.csproj", "{6D11199C-084C-4E66-99C7-48A5C1DAB16A}"
EndProject
Project("{2150E333-8FDC-42A3-9474-1A3956D46DE8}") = "SharedResources", "SharedResources", "{278E38F5-0871-4DC4-86C7-002B3B132279}"
EndProject
Project("{FAE04EC0-301F-11D3-BF4B-00C04F79EFBC}") = "Samples", "..\Samples\Samples\Samples.csproj", "{191A4E1B-EF58-42E8-9BCA-A41F26B2F9FE}"
EndProject
Global
	GlobalSection(SolutionConfigurationPlatforms) = preSolution
		Debug|Any CPU = Debug|Any CPU
		Release|Any CPU = Release|Any CPU
	EndGlobalSection
	GlobalSection(ProjectConfigurationPlatforms) = postSolution
		{B6D9CE0E-EA39-4433-B6E6-0002A255C3CA}.Debug|Any CPU.ActiveCfg = Debug|Any CPU
		{B6D9CE0E-EA39-4433-B6E6-0002A255C3CA}.Debug|Any CPU.Build.0 = Debug|Any CPU
		{B6D9CE0E-EA39-4433-B6E6-0002A255C3CA}.Release|Any CPU.ActiveCfg = Release|Any CPU
		{B6D9CE0E-EA39-4433-B6E6-0002A255C3CA}.Release|Any CPU.Build.0 = Release|Any CPU
		{6D11199C-084C-4E66-99C7-48A5C1DAB16A}.Debug|Any CPU.ActiveCfg = Debug|Any CPU
		{6D11199C-084C-4E66-99C7-48A5C1DAB16A}.Debug|Any CPU.Build.0 = Debug|Any CPU
		{6D11199C-084C-4E66-99C7-48A5C1DAB16A}.Release|Any CPU.ActiveCfg = Release|Any CPU
		{6D11199C-084C-4E66-99C7-48A5C1DAB16A}.Release|Any CPU.Build.0 = Release|Any CPU
		{191A4E1B-EF58-42E8-9BCA-A41F26B2F9FE}.Debug|Any CPU.ActiveCfg = Debug|Any CPU
		{191A4E1B-EF58-42E8-9BCA-A41F26B2F9FE}.Debug|Any CPU.Build.0 = Debug|Any CPU
		{191A4E1B-EF58-42E8-9BCA-A41F26B2F9FE}.Release|Any CPU.ActiveCfg = Release|Any CPU
		{191A4E1B-EF58-42E8-9BCA-A41F26B2F9FE}.Release|Any CPU.Build.0 = Release|Any CPU
	EndGlobalSection
	GlobalSection(SolutionProperties) = preSolution
		HideSolutionNode = FALSE
	EndGlobalSection
	GlobalSection(ExtensibilityGlobals) = postSolution
		SolutionGuid = {50103FAF-3B54-40BB-865B-1F48850DFA65}
	EndGlobalSection
EndGlobal
